
Microsoft Visual Studio Solution File, Format Version 12.00
# Visual Studio Version 16
VisualStudioVersion = 16.0.30309.148
MinimumVisualStudioVersion = 10.0.40219.1
Project("{FAE04EC0-301F-11D3-BF4B-00C04F79EFBC}") = "10-08-2020 ma oefeningen", "10-08-2020 ma oefeningen\10-08-2020 ma oefeningen.csproj", "{B0557EAF-CD63-40AF-AFC3-C79F321D89A8}"
EndProject
Project("{FAE04EC0-301F-11D3-BF4B-00C04F79EFBC}") = "oefening 2", "oefening 2\oefening 2.csproj", "{C543E38D-40B1-4231-B784-D348A4ECBFD4}"
EndProject
Project("{FAE04EC0-301F-11D3-BF4B-00C04F79EFBC}") = "Oefening 3", "Oefening 3\Oefening 3.csproj", "{9E585A09-CDDA-4305-AE68-62C2F77AAC7D}"
EndProject
Project("{FAE04EC0-301F-11D3-BF4B-00C04F79EFBC}") = "Oefening 4", "Oefening 4\Oefening 4.csproj", "{FBE62184-4DEB-41B1-A2E5-B4C560B50967}"
EndProject
Global
	GlobalSection(SolutionConfigurationPlatforms) = preSolution
		Debug|Any CPU = Debug|Any CPU
		Release|Any CPU = Release|Any CPU
	EndGlobalSection
	GlobalSection(ProjectConfigurationPlatforms) = postSolution
		{B0557EAF-CD63-40AF-AFC3-C79F321D89A8}.Debug|Any CPU.ActiveCfg = Debug|Any CPU
		{B0557EAF-CD63-40AF-AFC3-C79F321D89A8}.Debug|Any CPU.Build.0 = Debug|Any CPU
		{B0557EAF-CD63-40AF-AFC3-C79F321D89A8}.Release|Any CPU.ActiveCfg = Release|Any CPU
		{B0557EAF-CD63-40AF-AFC3-C79F321D89A8}.Release|Any CPU.Build.0 = Release|Any CPU
		{C543E38D-40B1-4231-B784-D348A4ECBFD4}.Debug|Any CPU.ActiveCfg = Debug|Any CPU
		{C543E38D-40B1-4231-B784-D348A4ECBFD4}.Debug|Any CPU.Build.0 = Debug|Any CPU
		{C543E38D-40B1-4231-B784-D348A4ECBFD4}.Release|Any CPU.ActiveCfg = Release|Any CPU
		{C543E38D-40B1-4231-B784-D348A4ECBFD4}.Release|Any CPU.Build.0 = Release|Any CPU
		{9E585A09-CDDA-4305-AE68-62C2F77AAC7D}.Debug|Any CPU.ActiveCfg = Debug|Any CPU
		{9E585A09-CDDA-4305-AE68-62C2F77AAC7D}.Debug|Any CPU.Build.0 = Debug|Any CPU
		{9E585A09-CDDA-4305-AE68-62C2F77AAC7D}.Release|Any CPU.ActiveCfg = Release|Any CPU
		{9E585A09-CDDA-4305-AE68-62C2F77AAC7D}.Release|Any CPU.Build.0 = Release|Any CPU
		{FBE62184-4DEB-41B1-A2E5-B4C560B50967}.Debug|Any CPU.ActiveCfg = Debug|Any CPU
		{FBE62184-4DEB-41B1-A2E5-B4C560B50967}.Debug|Any CPU.Build.0 = Debug|Any CPU
		{FBE62184-4DEB-41B1-A2E5-B4C560B50967}.Release|Any CPU.ActiveCfg = Release|Any CPU
		{FBE62184-4DEB-41B1-A2E5-B4C560B50967}.Release|Any CPU.Build.0 = Release|Any CPU
	EndGlobalSection
	GlobalSection(SolutionProperties) = preSolution
		HideSolutionNode = FALSE
	EndGlobalSection
	GlobalSection(ExtensibilityGlobals) = postSolution
		SolutionGuid = {CC617A67-279F-4DC3-B424-442314E46297}
	EndGlobalSection
EndGlobal
